{
  "name": "battery",
  "version": "1.0.0",
  "lockfileVersion": 1,
  "requires": true,
  "dependencies": {
    "@types/node": {
      "version": "12.0.8",
      "resolved": "https://registry.npmjs.org/@types/node/-/node-12.0.8.tgz",
      "integrity": "sha512-b8bbUOTwzIY3V5vDTY1fIJ+ePKDUBqt2hC2woVGotdQQhG/2Sh62HOKHrT7ab+VerXAcPyAiTEipPu/FsreUtg=="
    },
    "http": {
      "version": "0.0.0",
      "resolved": "https://registry.npmjs.org/http/-/http-0.0.0.tgz",
      "integrity": "sha1-huYybSnF0Dnen6xYSkVon5KfT3I="
    },
    "systeminformation": {
      "version": "4.27.11",
      "resolved": "https://registry.npmjs.org/systeminformation/-/systeminformation-4.27.11.tgz",
      "integrity": "sha512-U7bigXbOnsB8k1vNHS0Y13RCsRz5/UohiUmND+3mMUL6vfzrpbe/h4ZqewowB+B+tJNnmGFDj08Z8xGfYo45dQ=="
    }
  }
}
